
Microsoft Visual Studio Solution File, Format Version 12.00
# Visual Studio Version 17
VisualStudioVersion = 17.6.33815.320
MinimumVisualStudioVersion = 10.0.40219.1
Project("{FAE04EC0-301F-11D3-BF4B-00C04F79EFBC}") = "dolgozat_Szilagyi_Dominik_wpf", "dolgozat_Szilagyi_Dominik_wpf\dolgozat_Szilagyi_Dominik_wpf.csproj", "{623EA7D5-BADE-4C73-BB27-E6BE17773EF5}"
EndProject
Global
	GlobalSection(SolutionConfigurationPlatforms) = preSolution
		Debug|Any CPU = Debug|Any CPU
		Release|Any CPU = Release|Any CPU
	EndGlobalSection
	GlobalSection(ProjectConfigurationPlatforms) = postSolution
		{623EA7D5-BADE-4C73-BB27-E6BE17773EF5}.Debug|Any CPU.ActiveCfg = Debug|Any CPU
		{623EA7D5-BADE-4C73-BB27-E6BE17773EF5}.Debug|Any CPU.Build.0 = Debug|Any CPU
		{623EA7D5-BADE-4C73-BB27-E6BE17773EF5}.Release|Any CPU.ActiveCfg = Release|Any CPU
		{623EA7D5-BADE-4C73-BB27-E6BE17773EF5}.Release|Any CPU.Build.0 = Release|Any CPU
	EndGlobalSection
	GlobalSection(SolutionProperties) = preSolution
		HideSolutionNode = FALSE
	EndGlobalSection
	GlobalSection(ExtensibilityGlobals) = postSolution
		SolutionGuid = {BA26AAD4-FE97-4212-84F3-EDA8C79B007F}
	EndGlobalSection
EndGlobal
